// !$*UTF8*$!
{
	archiveVersion = 1;
	classes = {
	};
	objectVersion = 46;
	objects = {

/* Begin PBXBuildFile section */
		3F613A401B5E7E650076D6FF /* AppDelegate.swift in Sources */ = {isa = PBXBuildFile; fileRef = 3F613A3F1B5E7E650076D6FF /* AppDelegate.swift */; };
		3F613A421B5E7E650076D6FF /* ViewController.swift in Sources */ = {isa = PBXBuildFile; fileRef = 3F613A411B5E7E650076D6FF /* ViewController.swift */; };
		3F613A451B5E7E650076D6FF /* Main.storyboard in Resources */ = {isa = PBXBuildFile; fileRef = 3F613A431B5E7E650076D6FF /* Main.storyboard */; };
		3F613A471B5E7E650076D6FF /* Images.xcassets in Resources */ = {isa = PBXBuildFile; fileRef = 3F613A461B5E7E650076D6FF /* Images.xcassets */; };
		3F613A4A1B5E7E650076D6FF /* LaunchScreen.xib in Resources */ = {isa = PBXBuildFile; fileRef = 3F613A481B5E7E650076D6FF /* LaunchScreen.xib */; };
		3F613A561B5E7E650076D6FF /* MapsTests.swift in Sources */ = {isa = PBXBuildFile; fileRef = 3F613A551B5E7E650076D6FF /* MapsTests.swift */; };
		3F613A601B5E7EEC0076D6FF /* MapKit.framework in Frameworks */ = {isa = PBXBuildFile; fileRef = 3F613A5F1B5E7EEC0076D6FF /* MapKit.framework */; settings = {ATTRIBUTES = (Required, ); }; };
		3F613A621B5E87540076D6FF /* Pin.swift in Sources */ = {isa = PBXBuildFile; fileRef = 3F613A611B5E87540076D6FF /* Pin.swift */; };
/* End PBXBuildFile section */

/* Begin PBXContainerItemProxy section */
		3F613A501B5E7E650076D6FF /* PBXContainerItemProxy */ = {
			isa = PBXContainerItemProxy;
			containerPortal = 3F613A321B5E7E650076D6FF /* Project object */;
			proxyType = 1;
			remoteGlobalIDString = 3F613A391B5E7E650076D6FF;
			remoteInfo = Maps;
		};
/* End PBXContainerItemProxy section */

/* Begin PBXFileReference section */
		3F613A3A1B5E7E650076D6FF /* Maps.app */ = {isa = PBXFileReference; explicitFileType = wrapper.application; includeInIndex = 0; path = Maps.app; sourceTree = BUILT_PRODUCTS_DIR; };
		3F613A3E1B5E7E650076D6FF /* Info.plist */ = {isa = PBXFileReference; lastKnownFileType = text.plist.xml; path = Info.plist; sourceTree = "<group>"; };
		3F613A3F1B5E7E650076D6FF /* AppDelegate.swift */ = {isa = PBXFileReference; lastKnownFileType = sourcecode.swift; path = AppDelegate.swift; sourceTree = "<group>"; };
		3F613A411B5E7E650076D6FF /* ViewController.swift */ = {isa = PBXFileReference; lastKnownFileType = sourcecode.swift; path = ViewController.swift; sourceTree = "<group>"; };
		3F613A441B5E7E650076D6FF /* Base */ = {isa = PBXFileReference; lastKnownFileType = file.storyboard; name = Base; path = Base.lproj/Main.storyboard; sourceTree = "<group>"; };
		3F613A461B5E7E650076D6FF /* Images.xcassets */ = {isa = PBXFileReference; lastKnownFileType = folder.assetcatalog; path = Images.xcassets; sourceTree = "<group>"; };
		3F613A491B5E7E650076D6FF /* Base */ = {isa = PBXFileReference; lastKnownFileType = file.xib; name = Base; path = Base.lproj/LaunchScreen.xib; sourceTree = "<group>"; };
		3F613A4F1B5E7E650076D6FF /* MapsTests.xctest */ = {isa = PBXFileReference; explicitFileType = wrapper.cfbundle; includeInIndex = 0; path = MapsTests.xctest; sourceTree = BUILT_PRODUCTS_DIR; };
		3F613A541B5E7E650076D6FF /* Info.plist */ = {isa = PBXFileReference; lastKnownFileType = text.plist.xml; path = Info.plist; sourceTree = "<group>"; };
		3F613A551B5E7E650076D6FF /* MapsTests.swift */ = {isa = PBXFileReference; lastKnownFileType = sourcecode.swift; path = MapsTests.swift; sourceTree = "<group>"; };
		3F613A5F1B5E7EEC0076D6FF /* MapKit.framework */ = {isa = PBXFileReference; lastKnownFileType = wrapper.framework; name = MapKit.framework; path = System/Library/Frameworks/MapKit.framework; sourceTree = SDKROOT; };
		3F613A611B5E87540076D6FF /* Pin.swift */ = {isa = PBXFileReference; fileEncoding = 4; lastKnownFileType = sourcecode.swift; path = Pin.swift; sourceTree = "<group>"; };
/* End PBXFileReference section */

/* Begin PBXFrameworksBuildPhase section */
		3F613A371B5E7E650076D6FF /* Frameworks */ = {
			isa = PBXFrameworksBuildPhase;
			buildActionMask = 2147483647;
			files = (
				3F613A601B5E7EEC0076D6FF /* MapKit.framework in Frameworks */,
			);
			runOnlyForDeploymentPostprocessing = 0;
		};
		3F613A4C1B5E7E650076D6FF /* Frameworks */ = {
			isa = PBXFrameworksBuildPhase;
			buildActionMask = 2147483647;
			files = (
			);
			runOnlyForDeploymentPostprocessing = 0;
		};
/* End PBXFrameworksBuildPhase section */

/* Begin PBXGroup section */
		3F613A311B5E7E650076D6FF = {
			isa = PBXGroup;
			children = (
				3F613A5F1B5E7EEC0076D6FF /* MapKit.framework */,
				3F613A3C1B5E7E650076D6FF /* Maps */,
				3F613A521B5E7E650076D6FF /* MapsTests */,
				3F613A3B1B5E7E650076D6FF /* Products */,
			);
			sourceTree = "<group>";
		};
		3F613A3B1B5E7E650076D6FF /* Products */ = {
			isa = PBXGroup;
			children = (
				3F613A3A1B5E7E650076D6FF /* Maps.app */,
				3F613A4F1B5E7E650076D6FF /* MapsTests.xctest */,
			);
			name = Products;
			sourceTree = "<group>";
		};
		3F613A3C1B5E7E650076D6FF /* Maps */ = {
			isa = PBXGroup;
			children = (
				3F613A3F1B5E7E650076D6FF /* AppDelegate.swift */,
				3F613A411B5E7E650076D6FF /* ViewController.swift */,
				3F613A431B5E7E650076D6FF /* Main.storyboard */,
				3F613A611B5E87540076D6FF /* Pin.swift */,
				3F613A461B5E7E650076D6FF /* Images.xcassets */,
				3F613A481B5E7E650076D6FF /* LaunchScreen.xib */,
				3F613A3D1B5E7E650076D6FF /* Supporting Files */,
			);
			path = Maps;
			sourceTree = "<group>";
		};
		3F613A3D1B5E7E650076D6FF /* Supporting Files */ = {
			isa = PBXGroup;
			children = (
				3F613A3E1B5E7E650076D6FF /* Info.plist */,
			);
			name = "Supporting Files";
			sourceTree = "<group>";
		};
		3F613A521B5E7E650076D6FF /* MapsTests */ = {
			isa = PBXGroup;
			children = (
				3F613A551B5E7E650076D6FF /* MapsTests.swift */,
				3F613A531B5E7E650076D6FF /* Supporting Files */,
			);
			path = MapsTests;
			sourceTree = "<group>";
		};
		3F613A531B5E7E650076D6FF /* Supporting Files */ = {
			isa = PBXGroup;
			children = (
				3F613A541B5E7E650076D6FF /* Info.plist */,
			);
			name = "Supporting Files";
			sourceTree = "<group>";
		};
/* End PBXGroup section */

/* Begin PBXNativeTarget section */
		3F613A391B5E7E650076D6FF /* Maps */ = {
			isa = PBXNativeTarget;
			buildConfigurationList = 3F613A591B5E7E650076D6FF /* Build configuration list for PBXNativeTarget "Maps" */;
			buildPhases = (
				3F613A361B5E7E650076D6FF /* Sources */,
				3F613A371B5E7E650076D6FF /* Frameworks */,
				3F613A381B5E7E650076D6FF /* Resources */,
			);
			buildRules = (
			);
			dependencies = (
			);
			name = Maps;
			productName = Maps;
			productReference = 3F613A3A1B5E7E650076D6FF /* Maps.app */;
			productType = "com.apple.product-type.application";
		};
		3F613A4E1B5E7E650076D6FF /* MapsTests */ = {
			isa = PBXNativeTarget;
			buildConfigurationList = 3F613A5C1B5E7E650076D6FF /* Build configuration list for PBXNativeTarget "MapsTests" */;
			buildPhases = (
				3F613A4B1B5E7E650076D6FF /* Sources */,
				3F613A4C1B5E7E650076D6FF /* Frameworks */,
				3F613A4D1B5E7E650076D6FF /* Resources */,
			);
			buildRules = (
			);
			dependencies = (
				3F613A511B5E7E650076D6FF /* PBXTargetDependency */,
			);
			name = MapsTests;
			productName = MapsTests;
			productReference = 3F613A4F1B5E7E650076D6FF /* MapsTests.xctest */;
			productType = "com.apple.product-type.bundle.unit-test";
		};
/* End PBXNativeTarget section */

/* Begin PBXProject section */
		3F613A321B5E7E650076D6FF /* Project object */ = {
			isa = PBXProject;
			attributes = {
				LastUpgradeCheck = 0630;
				ORGANIZATIONNAME = "Jared Wasserman";
				TargetAttributes = {
					3F613A391B5E7E650076D6FF = {
						CreatedOnToolsVersion = 6.3;
					};
					3F613A4E1B5E7E650076D6FF = {
						CreatedOnToolsVersion = 6.3;
						TestTargetID = 3F613A391B5E7E650076D6FF;
					};
				};
			};
			buildConfigurationList = 3F613A351B5E7E650076D6FF /* Build configuration list for PBXProject "Maps" */;
			compatibilityVersion = "Xcode 3.2";
			developmentRegion = English;
			hasScannedForEncodings = 0;
			knownRegions = (
				en,
				Base,
			);
			mainGroup = 3F613A311B5E7E650076D6FF;
			productRefGroup = 3F613A3B1B5E7E650076D6FF /* Products */;
			projectDirPath = "";
			projectRoot = "";
			targets = (
				3F613A391B5E7E650076D6FF /* Maps */,
				3F613A4E1B5E7E650076D6FF /* MapsTests */,
			);
		};
/* End PBXProject section */

/* Begin PBXResourcesBuildPhase section */
		3F613A381B5E7E650076D6FF /* Resources */ = {
			isa = PBXResourcesBuildPhase;
			buildActionMask = 2147483647;
			files = (
				3F613A451B5E7E650076D6FF /* Main.storyboard in Resources */,
				3F613A4A1B5E7E650076D6FF /* LaunchScreen.xib in Resources */,
				3F613A471B5E7E650076D6FF /* Images.xcassets in Resources */,
			);
			runOnlyForDeploymentPostprocessing = 0;
		};
		3F613A4D1B5E7E650076D6FF /* Resources */ = {
			isa = PBXResourcesBuildPhase;
			buildActionMask = 2147483647;
			files = (
			);
			runOnlyForDeploymentPostprocessing = 0;
		};
/* End PBXResourcesBuildPhase section */

/* Begin PBXSourcesBuildPhase section */
		3F613A361B5E7E650076D6FF /* Sources */ = {
			isa = PBXSourcesBuildPhase;
			buildActionMask = 2147483647;
			files = (
				3F613A621B5E87540076D6FF /* Pin.swift in Sources */,
				3F613A421B5E7E650076D6FF /* ViewController.swift in Sources */,
				3F613A401B5E7E650076D6FF /* AppDelegate.swift in Sources */,
			);
			runOnlyForDeploymentPostprocessing = 0;
		};
		3F613A4B1B5E7E650076D6FF /* Sources */ = {
			isa = PBXSourcesBuildPhase;
			buildActionMask = 2147483647;
			files = (
				3F613A561B5E7E650076D6FF /* MapsTests.swift in Sources */,
			);
			runOnlyForDeploymentPostprocessing = 0;
		};
/* End PBXSourcesBuildPhase section */

/* Begin PBXTargetDependency section */
		3F613A511B5E7E650076D6FF /* PBXTargetDependency */ = {
			isa = PBXTargetDependency;
			target = 3F613A391B5E7E650076D6FF /* Maps */;
			targetProxy = 3F613A501B5E7E650076D6FF /* PBXContainerItemProxy */;
		};
/* End PBXTargetDependency section */

/* Begin PBXVariantGroup section */
		3F613A431B5E7E650076D6FF /* Main.storyboard */ = {
			isa = PBXVariantGroup;
			children = (
				3F613A441B5E7E650076D6FF /* Base */,
			);
			name = Main.storyboard;
			sourceTree = "<group>";
		};
		3F613A481B5E7E650076D6FF /* LaunchScreen.xib */ = {
			isa = PBXVariantGroup;
			children = (
				3F613A491B5E7E650076D6FF /* Base */,
			);
			name = LaunchScreen.xib;
			sourceTree = "<group>";
		};
/* End PBXVariantGroup section */

/* Begin XCBuildConfiguration section */
		3F613A571B5E7E650076D6FF /* Debug */ = {
			isa = XCBuildConfiguration;
			buildSettings = {
				ALWAYS_SEARCH_USER_PATHS = NO;
				CLANG_CXX_LANGUAGE_STANDARD = "gnu++0x";
				CLANG_CXX_LIBRARY = "libc++";
				CLANG_ENABLE_MODULES = YES;
				CLANG_ENABLE_OBJC_ARC = YES;
				CLANG_WARN_BOOL_CONVERSION = YES;
				CLANG_WARN_CONSTANT_CONVERSION = YES;
				CLANG_WARN_DIRECT_OBJC_ISA_USAGE = YES_ERROR;
				CLANG_WARN_EMPTY_BODY = YES;
				CLANG_WARN_ENUM_CONVERSION = YES;
				CLANG_WARN_INT_CONVERSION = YES;
				CLANG_WARN_OBJC_ROOT_CLASS = YES_ERROR;
				CLANG_WARN_UNREACHABLE_CODE = YES;
				CLANG_WARN__DUPLICATE_METHOD_MATCH = YES;
				"CODE_SIGN_IDENTITY[sdk=iphoneos*]" = "iPhone Developer";
				COPY_PHASE_STRIP = NO;
				DEBUG_INFORMATION_FORMAT = "dwarf-with-dsym";
				ENABLE_STRICT_OBJC_MSGSEND = YES;
				GCC_C_LANGUAGE_STANDARD = gnu99;
				GCC_DYNAMIC_NO_PIC = NO;
				GCC_NO_COMMON_BLOCKS = YES;
				GCC_OPTIMIZATION_LEVEL = 0;
				GCC_PREPROCESSOR_DEFINITIONS = (
					"DEBUG=1",
					"$(inherited)",
				);
				GCC_SYMBOLS_PRIVATE_EXTERN = NO;
				GCC_WARN_64_TO_32_BIT_CONVERSION = YES;
				GCC_WARN_ABOUT_RETURN_TYPE = YES_ERROR;
				GCC_WARN_UNDECLARED_SELECTOR = YES;
				GCC_WARN_UNINITIALIZED_AUTOS = YES_AGGRESSIVE;
				GCC_WARN_UNUSED_FUNCTION = YES;
				GCC_WARN_UNUSED_VARIABLE = YES;
				IPHONEOS_DEPLOYMENT_TARGET = 8.3;
				MTL_ENABLE_DEBUG_INFO = YES;
				ONLY_ACTIVE_ARCH = YES;
				SDKROOT = iphoneos;
				SWIFT_OPTIMIZATION_LEVEL = "-Onone";
				TARGETED_DEVICE_FAMILY = "1,2";
			};
			name = Debug;
		};
		3F613A581B5E7E650076D6FF /* Release */ = {
			isa = XCBuildConfiguration;
			buildSettings = {
				ALWAYS_SEARCH_USER_PATHS = NO;
				CLANG_CXX_LANGUAGE_STANDARD = "gnu++0x";
				CLANG_CXX_LIBRARY = "libc++";
				CLANG_ENABLE_MODULES = YES;
				CLANG_ENABLE_OBJC_ARC = YES;
				CLANG_WARN_BOOL_CONVERSION = YES;
				CLANG_WARN_CONSTANT_CONVERSION = YES;
				CLANG_WARN_DIRECT_OBJC_ISA_USAGE = YES_ERROR;
				CLANG_WARN_EMPTY_BODY = YES;
				CLANG_WARN_ENUM_CONVERSION = YES;
				CLANG_WARN_INT_CONVERSION = YES;
				CLANG_WARN_OBJC_ROOT_CLASS = YES_ERROR;
				CLANG_WARN_UNREACHABLE_CODE = YES;
				CLANG_WARN__DUPLICATE_METHOD_MATCH = YES;
				"CODE_SIGN_IDENTITY[sdk=iphoneos*]" = "iPhone Developer";
				COPY_PHASE_STRIP = NO;
				DEBUG_INFORMATION_FORMAT = "dwarf-with-dsym";
				ENABLE_NS_ASSERTIONS = NO;
				ENABLE_STRICT_OBJC_MSGSEND = YES;
				GCC_C_LANGUAGE_STANDARD = gnu99;
				GCC_NO_COMMON_BLOCKS = YES;
				GCC_WARN_64_TO_32_BIT_CONVERSION = YES;
				GCC_WARN_ABOUT_RETURN_TYPE = YES_ERROR;
				GCC_WARN_UNDECLARED_SELECTOR = YES;
				GCC_WARN_UNINITIALIZED_AUTOS = YES_AGGRESSIVE;
				GCC_WARN_UNUSED_FUNCTION = YES;
				GCC_WARN_UNUSED_VARIABLE = YES;
				IPHONEOS_DEPLOYMENT_TARGET = 8.3;
				MTL_ENABLE_DEBUG_INFO = NO;
				SDKROOT = iphoneos;
				TARGETED_DEVICE_FAMILY = "1,2";
				VALIDATE_PRODUCT = YES;
			};
			name = Release;
		};
		3F613A5A1B5E7E650076D6FF /* Debug */ = {
			isa = XCBuildConfiguration;
			buildSettings = {
				ASSETCATALOG_COMPILER_APPICON_NAME = AppIcon;
				CODE_SIGN_IDENTITY = "iPhone Developer";
				INFOPLIST_FILE = Maps/Info.plist;
				LD_RUNPATH_SEARCH_PATHS = "$(inherited) @executable_path/Frameworks";
				PRODUCT_NAME = "$(TARGET_NAME)";
			};
			name = Debug;
		};
		3F613A5B1B5E7E650076D6FF /* Release */ = {
			isa = XCBuildConfiguration;
			buildSettings = {
				ASSETCATALOG_COMPILER_APPICON_NAME = AppIcon;
				CODE_SIGN_IDENTITY = "iPhone Developer";
				INFOPLIST_FILE = Maps/Info.plist;
				LD_RUNPATH_SEARCH_PATHS = "$(inherited) @executable_path/Frameworks";
				PRODUCT_NAME = "$(TARGET_NAME)";
			};
			name = Release;
		};
		3F613A5D1B5E7E650076D6FF /* Debug */ = {
			isa = XCBuildConfiguration;
			buildSettings = {
				BUNDLE_LOADER = "$(TEST_HOST)";
				FRAMEWORK_SEARCH_PATHS = (
					"$(SDKROOT)/Developer/Library/Frameworks",
					"$(inherited)",
				);
				GCC_PREPROCESSOR_DEFINITIONS = (
					"DEBUG=1",
					"$(inherited)",
				);
				INFOPLIST_FILE = MapsTests/Info.plist;
				LD_RUNPATH_SEARCH_PATHS = "$(inherited) @executable_path/Frameworks @loader_path/Frameworks";
				PRODUCT_NAME = "$(TARGET_NAME)";
				TEST_HOST = "$(BUILT_PRODUCTS_DIR)/Maps.app/Maps";
			};
			name = Debug;
		};
		3F613A5E1B5E7E650076D6FF /* Release */ = {
			isa = XCBuildConfiguration;
			buildSettings = {
				BUNDLE_LOADER = "$(TEST_HOST)";
				FRAMEWORK_SEARCH_PATHS = (
					"$(SDKROOT)/Developer/Library/Frameworks",
					"$(inherited)",
				);
				INFOPLIST_FILE = MapsTests/Info.plist;
				LD_RUNPATH_SEARCH_PATHS = "$(inherited) @executable_path/Frameworks @loader_path/Frameworks";
				PRODUCT_NAME = "$(TARGET_NAME)";
				TEST_HOST = "$(BUILT_PRODUCTS_DIR)/Maps.app/Maps";
			};
			name = Release;
		};
/* End XCBuildConfiguration section */

/* Begin XCConfigurationList section */
		3F613A351B5E7E650076D6FF /* Build configuration list for PBXProject "Maps" */ = {
			isa = XCConfigurationList;
			buildConfigurations = (
				3F613A571B5E7E650076D6FF /* Debug */,
				3F613A581B5E7E650076D6FF /* Release */,
			);
			defaultConfigurationIsVisible = 0;
			defaultConfigurationName = Release;
		};
		3F613A591B5E7E650076D6FF /* Build configuration list for PBXNativeTarget "Maps" */ = {
			isa = XCConfigurationList;
			buildConfigurations = (
				3F613A5A1B5E7E650076D6FF /* Debug */,
				3F613A5B1B5E7E650076D6FF /* Release */,
			);
			defaultConfigurationIsVisible = 0;
		};
		3F613A5C1B5E7E650076D6FF /* Build configuration list for PBXNativeTarget "MapsTests" */ = {
			isa = XCConfigurationList;
			buildConfigurations = (
				3F613A5D1B5E7E650076D6FF /* Debug */,
				3F613A5E1B5E7E650076D6FF /* Release */,
			);
			defaultConfigurationIsVisible = 0;
		};
/* End XCConfigurationList section */
	};
	rootObject = 3F613A321B5E7E650076D6FF /* Project object */;
}
