// !$*UTF8*$!
{
	archiveVersion = 1;
	classes = {
	};
	objectVersion = 46;
	objects = {

/* Begin PBXBuildFile section */
		3F6F2BE61B6674C40086986A /* AppDelegate.swift in Sources */ = {isa = PBXBuildFile; fileRef = 3F6F2BE51B6674C40086986A /* AppDelegate.swift */; };
		3F6F2BE91B6674C40086986A /* iPantry.xcdatamodeld in Sources */ = {isa = PBXBuildFile; fileRef = 3F6F2BE71B6674C40086986A /* iPantry.xcdatamodeld */; };
		3F6F2BEB1B6674C40086986A /* ViewController.swift in Sources */ = {isa = PBXBuildFile; fileRef = 3F6F2BEA1B6674C40086986A /* ViewController.swift */; };
		3F6F2BEE1B6674C40086986A /* Main.storyboard in Resources */ = {isa = PBXBuildFile; fileRef = 3F6F2BEC1B6674C40086986A /* Main.storyboard */; };
		3F6F2BF01B6674C40086986A /* Images.xcassets in Resources */ = {isa = PBXBuildFile; fileRef = 3F6F2BEF1B6674C40086986A /* Images.xcassets */; };
		3F6F2BF31B6674C40086986A /* LaunchScreen.xib in Resources */ = {isa = PBXBuildFile; fileRef = 3F6F2BF11B6674C40086986A /* LaunchScreen.xib */; };
		3F6F2BFF1B6674C40086986A /* iPantryTests.swift in Sources */ = {isa = PBXBuildFile; fileRef = 3F6F2BFE1B6674C40086986A /* iPantryTests.swift */; };
/* End PBXBuildFile section */

/* Begin PBXContainerItemProxy section */
		3F6F2BF91B6674C40086986A /* PBXContainerItemProxy */ = {
			isa = PBXContainerItemProxy;
			containerPortal = 3F6F2BD81B6674C40086986A /* Project object */;
			proxyType = 1;
			remoteGlobalIDString = 3F6F2BDF1B6674C40086986A;
			remoteInfo = iPantry;
		};
/* End PBXContainerItemProxy section */

/* Begin PBXFileReference section */
		3F6F2BE01B6674C40086986A /* iPantry.app */ = {isa = PBXFileReference; explicitFileType = wrapper.application; includeInIndex = 0; path = iPantry.app; sourceTree = BUILT_PRODUCTS_DIR; };
		3F6F2BE41B6674C40086986A /* Info.plist */ = {isa = PBXFileReference; lastKnownFileType = text.plist.xml; path = Info.plist; sourceTree = "<group>"; };
		3F6F2BE51B6674C40086986A /* AppDelegate.swift */ = {isa = PBXFileReference; lastKnownFileType = sourcecode.swift; path = AppDelegate.swift; sourceTree = "<group>"; };
		3F6F2BE81B6674C40086986A /* iPantry.xcdatamodel */ = {isa = PBXFileReference; lastKnownFileType = wrapper.xcdatamodel; path = iPantry.xcdatamodel; sourceTree = "<group>"; };
		3F6F2BEA1B6674C40086986A /* ViewController.swift */ = {isa = PBXFileReference; lastKnownFileType = sourcecode.swift; path = ViewController.swift; sourceTree = "<group>"; };
		3F6F2BED1B6674C40086986A /* Base */ = {isa = PBXFileReference; lastKnownFileType = file.storyboard; name = Base; path = Base.lproj/Main.storyboard; sourceTree = "<group>"; };
		3F6F2BEF1B6674C40086986A /* Images.xcassets */ = {isa = PBXFileReference; lastKnownFileType = folder.assetcatalog; path = Images.xcassets; sourceTree = "<group>"; };
		3F6F2BF21B6674C40086986A /* Base */ = {isa = PBXFileReference; lastKnownFileType = file.xib; name = Base; path = Base.lproj/LaunchScreen.xib; sourceTree = "<group>"; };
		3F6F2BF81B6674C40086986A /* iPantryTests.xctest */ = {isa = PBXFileReference; explicitFileType = wrapper.cfbundle; includeInIndex = 0; path = iPantryTests.xctest; sourceTree = BUILT_PRODUCTS_DIR; };
		3F6F2BFD1B6674C40086986A /* Info.plist */ = {isa = PBXFileReference; lastKnownFileType = text.plist.xml; path = Info.plist; sourceTree = "<group>"; };
		3F6F2BFE1B6674C40086986A /* iPantryTests.swift */ = {isa = PBXFileReference; lastKnownFileType = sourcecode.swift; path = iPantryTests.swift; sourceTree = "<group>"; };
/* End PBXFileReference section */

/* Begin PBXFrameworksBuildPhase section */
		3F6F2BDD1B6674C40086986A /* Frameworks */ = {
			isa = PBXFrameworksBuildPhase;
			buildActionMask = 2147483647;
			files = (
			);
			runOnlyForDeploymentPostprocessing = 0;
		};
		3F6F2BF51B6674C40086986A /* Frameworks */ = {
			isa = PBXFrameworksBuildPhase;
			buildActionMask = 2147483647;
			files = (
			);
			runOnlyForDeploymentPostprocessing = 0;
		};
/* End PBXFrameworksBuildPhase section */

/* Begin PBXGroup section */
		3F6F2BD71B6674C40086986A = {
			isa = PBXGroup;
			children = (
				3F6F2BE21B6674C40086986A /* iPantry */,
				3F6F2BFB1B6674C40086986A /* iPantryTests */,
				3F6F2BE11B6674C40086986A /* Products */,
			);
			sourceTree = "<group>";
		};
		3F6F2BE11B6674C40086986A /* Products */ = {
			isa = PBXGroup;
			children = (
				3F6F2BE01B6674C40086986A /* iPantry.app */,
				3F6F2BF81B6674C40086986A /* iPantryTests.xctest */,
			);
			name = Products;
			sourceTree = "<group>";
		};
		3F6F2BE21B6674C40086986A /* iPantry */ = {
			isa = PBXGroup;
			children = (
				3F6F2BE51B6674C40086986A /* AppDelegate.swift */,
				3F6F2BEA1B6674C40086986A /* ViewController.swift */,
				3F6F2BEC1B6674C40086986A /* Main.storyboard */,
				3F6F2BEF1B6674C40086986A /* Images.xcassets */,
				3F6F2BF11B6674C40086986A /* LaunchScreen.xib */,
				3F6F2BE71B6674C40086986A /* iPantry.xcdatamodeld */,
				3F6F2BE31B6674C40086986A /* Supporting Files */,
			);
			path = iPantry;
			sourceTree = "<group>";
		};
		3F6F2BE31B6674C40086986A /* Supporting Files */ = {
			isa = PBXGroup;
			children = (
				3F6F2BE41B6674C40086986A /* Info.plist */,
			);
			name = "Supporting Files";
			sourceTree = "<group>";
		};
		3F6F2BFB1B6674C40086986A /* iPantryTests */ = {
			isa = PBXGroup;
			children = (
				3F6F2BFE1B6674C40086986A /* iPantryTests.swift */,
				3F6F2BFC1B6674C40086986A /* Supporting Files */,
			);
			path = iPantryTests;
			sourceTree = "<group>";
		};
		3F6F2BFC1B6674C40086986A /* Supporting Files */ = {
			isa = PBXGroup;
			children = (
				3F6F2BFD1B6674C40086986A /* Info.plist */,
			);
			name = "Supporting Files";
			sourceTree = "<group>";
		};
/* End PBXGroup section */

/* Begin PBXNativeTarget section */
		3F6F2BDF1B6674C40086986A /* iPantry */ = {
			isa = PBXNativeTarget;
			buildConfigurationList = 3F6F2C021B6674C50086986A /* Build configuration list for PBXNativeTarget "iPantry" */;
			buildPhases = (
				3F6F2BDC1B6674C40086986A /* Sources */,
				3F6F2BDD1B6674C40086986A /* Frameworks */,
				3F6F2BDE1B6674C40086986A /* Resources */,
			);
			buildRules = (
			);
			dependencies = (
			);
			name = iPantry;
			productName = iPantry;
			productReference = 3F6F2BE01B6674C40086986A /* iPantry.app */;
			productType = "com.apple.product-type.application";
		};
		3F6F2BF71B6674C40086986A /* iPantryTests */ = {
			isa = PBXNativeTarget;
			buildConfigurationList = 3F6F2C051B6674C50086986A /* Build configuration list for PBXNativeTarget "iPantryTests" */;
			buildPhases = (
				3F6F2BF41B6674C40086986A /* Sources */,
				3F6F2BF51B6674C40086986A /* Frameworks */,
				3F6F2BF61B6674C40086986A /* Resources */,
			);
			buildRules = (
			);
			dependencies = (
				3F6F2BFA1B6674C40086986A /* PBXTargetDependency */,
			);
			name = iPantryTests;
			productName = iPantryTests;
			productReference = 3F6F2BF81B6674C40086986A /* iPantryTests.xctest */;
			productType = "com.apple.product-type.bundle.unit-test";
		};
/* End PBXNativeTarget section */

/* Begin PBXProject section */
		3F6F2BD81B6674C40086986A /* Project object */ = {
			isa = PBXProject;
			attributes = {
				LastUpgradeCheck = 0630;
				ORGANIZATIONNAME = "Jared Wasserman";
				TargetAttributes = {
					3F6F2BDF1B6674C40086986A = {
						CreatedOnToolsVersion = 6.3;
					};
					3F6F2BF71B6674C40086986A = {
						CreatedOnToolsVersion = 6.3;
						TestTargetID = 3F6F2BDF1B6674C40086986A;
					};
				};
			};
			buildConfigurationList = 3F6F2BDB1B6674C40086986A /* Build configuration list for PBXProject "iPantry" */;
			compatibilityVersion = "Xcode 3.2";
			developmentRegion = English;
			hasScannedForEncodings = 0;
			knownRegions = (
				en,
				Base,
			);
			mainGroup = 3F6F2BD71B6674C40086986A;
			productRefGroup = 3F6F2BE11B6674C40086986A /* Products */;
			projectDirPath = "";
			projectRoot = "";
			targets = (
				3F6F2BDF1B6674C40086986A /* iPantry */,
				3F6F2BF71B6674C40086986A /* iPantryTests */,
			);
		};
/* End PBXProject section */

/* Begin PBXResourcesBuildPhase section */
		3F6F2BDE1B6674C40086986A /* Resources */ = {
			isa = PBXResourcesBuildPhase;
			buildActionMask = 2147483647;
			files = (
				3F6F2BEE1B6674C40086986A /* Main.storyboard in Resources */,
				3F6F2BF31B6674C40086986A /* LaunchScreen.xib in Resources */,
				3F6F2BF01B6674C40086986A /* Images.xcassets in Resources */,
			);
			runOnlyForDeploymentPostprocessing = 0;
		};
		3F6F2BF61B6674C40086986A /* Resources */ = {
			isa = PBXResourcesBuildPhase;
			buildActionMask = 2147483647;
			files = (
			);
			runOnlyForDeploymentPostprocessing = 0;
		};
/* End PBXResourcesBuildPhase section */

/* Begin PBXSourcesBuildPhase section */
		3F6F2BDC1B6674C40086986A /* Sources */ = {
			isa = PBXSourcesBuildPhase;
			buildActionMask = 2147483647;
			files = (
				3F6F2BEB1B6674C40086986A /* ViewController.swift in Sources */,
				3F6F2BE61B6674C40086986A /* AppDelegate.swift in Sources */,
				3F6F2BE91B6674C40086986A /* iPantry.xcdatamodeld in Sources */,
			);
			runOnlyForDeploymentPostprocessing = 0;
		};
		3F6F2BF41B6674C40086986A /* Sources */ = {
			isa = PBXSourcesBuildPhase;
			buildActionMask = 2147483647;
			files = (
				3F6F2BFF1B6674C40086986A /* iPantryTests.swift in Sources */,
			);
			runOnlyForDeploymentPostprocessing = 0;
		};
/* End PBXSourcesBuildPhase section */

/* Begin PBXTargetDependency section */
		3F6F2BFA1B6674C40086986A /* PBXTargetDependency */ = {
			isa = PBXTargetDependency;
			target = 3F6F2BDF1B6674C40086986A /* iPantry */;
			targetProxy = 3F6F2BF91B6674C40086986A /* PBXContainerItemProxy */;
		};
/* End PBXTargetDependency section */

/* Begin PBXVariantGroup section */
		3F6F2BEC1B6674C40086986A /* Main.storyboard */ = {
			isa = PBXVariantGroup;
			children = (
				3F6F2BED1B6674C40086986A /* Base */,
			);
			name = Main.storyboard;
			sourceTree = "<group>";
		};
		3F6F2BF11B6674C40086986A /* LaunchScreen.xib */ = {
			isa = PBXVariantGroup;
			children = (
				3F6F2BF21B6674C40086986A /* Base */,
			);
			name = LaunchScreen.xib;
			sourceTree = "<group>";
		};
/* End PBXVariantGroup section */

/* Begin XCBuildConfiguration section */
		3F6F2C001B6674C40086986A /* Debug */ = {
			isa = XCBuildConfiguration;
			buildSettings = {
				ALWAYS_SEARCH_USER_PATHS = NO;
				CLANG_CXX_LANGUAGE_STANDARD = "gnu++0x";
				CLANG_CXX_LIBRARY = "libc++";
				CLANG_ENABLE_MODULES = YES;
				CLANG_ENABLE_OBJC_ARC = YES;
				CLANG_WARN_BOOL_CONVERSION = YES;
				CLANG_WARN_CONSTANT_CONVERSION = YES;
				CLANG_WARN_DIRECT_OBJC_ISA_USAGE = YES_ERROR;
				CLANG_WARN_EMPTY_BODY = YES;
				CLANG_WARN_ENUM_CONVERSION = YES;
				CLANG_WARN_INT_CONVERSION = YES;
				CLANG_WARN_OBJC_ROOT_CLASS = YES_ERROR;
				CLANG_WARN_UNREACHABLE_CODE = YES;
				CLANG_WARN__DUPLICATE_METHOD_MATCH = YES;
				"CODE_SIGN_IDENTITY[sdk=iphoneos*]" = "iPhone Developer";
				COPY_PHASE_STRIP = NO;
				DEBUG_INFORMATION_FORMAT = "dwarf-with-dsym";
				ENABLE_STRICT_OBJC_MSGSEND = YES;
				GCC_C_LANGUAGE_STANDARD = gnu99;
				GCC_DYNAMIC_NO_PIC = NO;
				GCC_NO_COMMON_BLOCKS = YES;
				GCC_OPTIMIZATION_LEVEL = 0;
				GCC_PREPROCESSOR_DEFINITIONS = (
					"DEBUG=1",
					"$(inherited)",
				);
				GCC_SYMBOLS_PRIVATE_EXTERN = NO;
				GCC_WARN_64_TO_32_BIT_CONVERSION = YES;
				GCC_WARN_ABOUT_RETURN_TYPE = YES_ERROR;
				GCC_WARN_UNDECLARED_SELECTOR = YES;
				GCC_WARN_UNINITIALIZED_AUTOS = YES_AGGRESSIVE;
				GCC_WARN_UNUSED_FUNCTION = YES;
				GCC_WARN_UNUSED_VARIABLE = YES;
				IPHONEOS_DEPLOYMENT_TARGET = 8.3;
				MTL_ENABLE_DEBUG_INFO = YES;
				ONLY_ACTIVE_ARCH = YES;
				SDKROOT = iphoneos;
				SWIFT_OPTIMIZATION_LEVEL = "-Onone";
				TARGETED_DEVICE_FAMILY = "1,2";
			};
			name = Debug;
		};
		3F6F2C011B6674C40086986A /* Release */ = {
			isa = XCBuildConfiguration;
			buildSettings = {
				ALWAYS_SEARCH_USER_PATHS = NO;
				CLANG_CXX_LANGUAGE_STANDARD = "gnu++0x";
				CLANG_CXX_LIBRARY = "libc++";
				CLANG_ENABLE_MODULES = YES;
				CLANG_ENABLE_OBJC_ARC = YES;
				CLANG_WARN_BOOL_CONVERSION = YES;
				CLANG_WARN_CONSTANT_CONVERSION = YES;
				CLANG_WARN_DIRECT_OBJC_ISA_USAGE = YES_ERROR;
				CLANG_WARN_EMPTY_BODY = YES;
				CLANG_WARN_ENUM_CONVERSION = YES;
				CLANG_WARN_INT_CONVERSION = YES;
				CLANG_WARN_OBJC_ROOT_CLASS = YES_ERROR;
				CLANG_WARN_UNREACHABLE_CODE = YES;
				CLANG_WARN__DUPLICATE_METHOD_MATCH = YES;
				"CODE_SIGN_IDENTITY[sdk=iphoneos*]" = "iPhone Developer";
				COPY_PHASE_STRIP = NO;
				DEBUG_INFORMATION_FORMAT = "dwarf-with-dsym";
				ENABLE_NS_ASSERTIONS = NO;
				ENABLE_STRICT_OBJC_MSGSEND = YES;
				GCC_C_LANGUAGE_STANDARD = gnu99;
				GCC_NO_COMMON_BLOCKS = YES;
				GCC_WARN_64_TO_32_BIT_CONVERSION = YES;
				GCC_WARN_ABOUT_RETURN_TYPE = YES_ERROR;
				GCC_WARN_UNDECLARED_SELECTOR = YES;
				GCC_WARN_UNINITIALIZED_AUTOS = YES_AGGRESSIVE;
				GCC_WARN_UNUSED_FUNCTION = YES;
				GCC_WARN_UNUSED_VARIABLE = YES;
				IPHONEOS_DEPLOYMENT_TARGET = 8.3;
				MTL_ENABLE_DEBUG_INFO = NO;
				SDKROOT = iphoneos;
				TARGETED_DEVICE_FAMILY = "1,2";
				VALIDATE_PRODUCT = YES;
			};
			name = Release;
		};
		3F6F2C031B6674C50086986A /* Debug */ = {
			isa = XCBuildConfiguration;
			buildSettings = {
				ASSETCATALOG_COMPILER_APPICON_NAME = AppIcon;
				INFOPLIST_FILE = iPantry/Info.plist;
				LD_RUNPATH_SEARCH_PATHS = "$(inherited) @executable_path/Frameworks";
				PRODUCT_NAME = "$(TARGET_NAME)";
			};
			name = Debug;
		};
		3F6F2C041B6674C50086986A /* Release */ = {
			isa = XCBuildConfiguration;
			buildSettings = {
				ASSETCATALOG_COMPILER_APPICON_NAME = AppIcon;
				INFOPLIST_FILE = iPantry/Info.plist;
				LD_RUNPATH_SEARCH_PATHS = "$(inherited) @executable_path/Frameworks";
				PRODUCT_NAME = "$(TARGET_NAME)";
			};
			name = Release;
		};
		3F6F2C061B6674C50086986A /* Debug */ = {
			isa = XCBuildConfiguration;
			buildSettings = {
				BUNDLE_LOADER = "$(TEST_HOST)";
				FRAMEWORK_SEARCH_PATHS = (
					"$(SDKROOT)/Developer/Library/Frameworks",
					"$(inherited)",
				);
				GCC_PREPROCESSOR_DEFINITIONS = (
					"DEBUG=1",
					"$(inherited)",
				);
				INFOPLIST_FILE = iPantryTests/Info.plist;
				LD_RUNPATH_SEARCH_PATHS = "$(inherited) @executable_path/Frameworks @loader_path/Frameworks";
				PRODUCT_NAME = "$(TARGET_NAME)";
				TEST_HOST = "$(BUILT_PRODUCTS_DIR)/iPantry.app/iPantry";
			};
			name = Debug;
		};
		3F6F2C071B6674C50086986A /* Release */ = {
			isa = XCBuildConfiguration;
			buildSettings = {
				BUNDLE_LOADER = "$(TEST_HOST)";
				FRAMEWORK_SEARCH_PATHS = (
					"$(SDKROOT)/Developer/Library/Frameworks",
					"$(inherited)",
				);
				INFOPLIST_FILE = iPantryTests/Info.plist;
				LD_RUNPATH_SEARCH_PATHS = "$(inherited) @executable_path/Frameworks @loader_path/Frameworks";
				PRODUCT_NAME = "$(TARGET_NAME)";
				TEST_HOST = "$(BUILT_PRODUCTS_DIR)/iPantry.app/iPantry";
			};
			name = Release;
		};
/* End XCBuildConfiguration section */

/* Begin XCConfigurationList section */
		3F6F2BDB1B6674C40086986A /* Build configuration list for PBXProject "iPantry" */ = {
			isa = XCConfigurationList;
			buildConfigurations = (
				3F6F2C001B6674C40086986A /* Debug */,
				3F6F2C011B6674C40086986A /* Release */,
			);
			defaultConfigurationIsVisible = 0;
			defaultConfigurationName = Release;
		};
		3F6F2C021B6674C50086986A /* Build configuration list for PBXNativeTarget "iPantry" */ = {
			isa = XCConfigurationList;
			buildConfigurations = (
				3F6F2C031B6674C50086986A /* Debug */,
				3F6F2C041B6674C50086986A /* Release */,
			);
			defaultConfigurationIsVisible = 0;
		};
		3F6F2C051B6674C50086986A /* Build configuration list for PBXNativeTarget "iPantryTests" */ = {
			isa = XCConfigurationList;
			buildConfigurations = (
				3F6F2C061B6674C50086986A /* Debug */,
				3F6F2C071B6674C50086986A /* Release */,
			);
			defaultConfigurationIsVisible = 0;
		};
/* End XCConfigurationList section */

/* Begin XCVersionGroup section */
		3F6F2BE71B6674C40086986A /* iPantry.xcdatamodeld */ = {
			isa = XCVersionGroup;
			children = (
				3F6F2BE81B6674C40086986A /* iPantry.xcdatamodel */,
			);
			currentVersion = 3F6F2BE81B6674C40086986A /* iPantry.xcdatamodel */;
			path = iPantry.xcdatamodeld;
			sourceTree = "<group>";
			versionGroupType = wrapper.xcdatamodel;
		};
/* End XCVersionGroup section */
	};
	rootObject = 3F6F2BD81B6674C40086986A /* Project object */;
}
